Microsoft Visual Studio Solution File, Format Version 12.00
# Visual Studio Version 17
VisualStudioVersion = 17.5.2.0
MinimumVisualStudioVersion = 10.0.40219.1
Project("{FAE04EC0-301F-11D3-BF4B-00C04F79EFBC}") = "driver_api", "backend\driver_api.csproj", "{23786336-E5FE-C19D-141E-081C2FC35E58}"
EndProject
Project("{54A90642-561A-4BB1-A94E-469ADEE60C69}") = "driver_ui", "frontend\driver_ui.esproj", "{BDE2BA0F-E721-FE8A-E520-E5AE83D3AE89}"
EndProject
Global
	GlobalSection(SolutionConfigurationPlatforms) = preSolution
		Debug|Any CPU = Debug|Any CPU
		Release|Any CPU = Release|Any CPU
	EndGlobalSection
	GlobalSection(ProjectConfigurationPlatforms) = postSolution
		{23786336-E5FE-C19D-141E-081C2FC35E58}.Debug|Any CPU.ActiveCfg = Debug|Any CPU
		{23786336-E5FE-C19D-141E-081C2FC35E58}.Debug|Any CPU.Build.0 = Debug|Any CPU
		{23786336-E5FE-C19D-141E-081C2FC35E58}.Release|Any CPU.ActiveCfg = Release|Any CPU
		{23786336-E5FE-C19D-141E-081C2FC35E58}.Release|Any CPU.Build.0 = Release|Any CPU
		{BDE2BA0F-E721-FE8A-E520-E5AE83D3AE89}.Debug|Any CPU.ActiveCfg = Debug|Any CPU
		{BDE2BA0F-E721-FE8A-E520-E5AE83D3AE89}.Debug|Any CPU.Build.0 = Debug|Any CPU
		{BDE2BA0F-E721-FE8A-E520-E5AE83D3AE89}.Debug|Any CPU.Deploy.0 = Debug|Any CPU
		{BDE2BA0F-E721-FE8A-E520-E5AE83D3AE89}.Release|Any CPU.ActiveCfg = Release|Any CPU
		{BDE2BA0F-E721-FE8A-E520-E5AE83D3AE89}.Release|Any CPU.Build.0 = Release|Any CPU
		{BDE2BA0F-E721-FE8A-E520-E5AE83D3AE89}.Release|Any CPU.Deploy.0 = Release|Any CPU
	EndGlobalSection
	GlobalSection(SolutionProperties) = preSolution
		HideSolutionNode = FALSE
	EndGlobalSection
	GlobalSection(ExtensibilityGlobals) = postSolution
		SolutionGuid = {56176CDF-93CB-467F-BFEF-E7758B5A0E76}
	EndGlobalSection
EndGlobal
